
Microsoft Visual Studio Solution File, Format Version 12.00
# Visual Studio Version 17
VisualStudioVersion = 17.10.35013.160
MinimumVisualStudioVersion = 10.0.40219.1
Project("{FAE04EC0-301F-11D3-BF4B-00C04F79EFBC}") = "gRpcServer", "gRpcServer\gRpcServer.csproj", "{99749661-8A0C-48E5-98A0-CF7AA0F4A3A2}"
EndProject
Project("{FAE04EC0-301F-11D3-BF4B-00C04F79EFBC}") = "GrpcCommand", "GrpcCommand\GrpcCommand.csproj", "{9767930B-87AD-47A2-B1A7-0A13C9E47131}"
EndProject
Project("{FAE04EC0-301F-11D3-BF4B-00C04F79EFBC}") = "GrpcCilent", "GrpcCilent\GrpcCilent.csproj", "{189254C3-F7DC-46BF-BA62-6C8442F87BE5}"
EndProject
Project("{FAE04EC0-301F-11D3-BF4B-00C04F79EFBC}") = "AITools", "AITool\AITools.csproj", "{EDF90039-2AC2-4E41-AFA5-2747E4147DE4}"
EndProject
Project("{FAE04EC0-301F-11D3-BF4B-00C04F79EFBC}") = "YiShiKeJi-AICommand", "YiShiKeJi-AICommand\YiShiKeJi-AICommand.csproj", "{7E0ABDE2-8224-463C-BCBC-5030A2DD2956}"
EndProject
Project("{FAE04EC0-301F-11D3-BF4B-00C04F79EFBC}") = "AIHelper", "Helper\AIHelper.csproj", "{16DAD879-FAB8-45FC-9D40-C5D8AB4D76E2}"
EndProject
Global
	GlobalSection(SolutionConfigurationPlatforms) = preSolution
		Debug|Any CPU = Debug|Any CPU
		Debug|x64 = Debug|x64
		Release|Any CPU = Release|Any CPU
		Release|x64 = Release|x64
	EndGlobalSection
	GlobalSection(ProjectConfigurationPlatforms) = postSolution
		{99749661-8A0C-48E5-98A0-CF7AA0F4A3A2}.Debug|Any CPU.ActiveCfg = Debug|Any CPU
		{99749661-8A0C-48E5-98A0-CF7AA0F4A3A2}.Debug|Any CPU.Build.0 = Debug|Any CPU
		{99749661-8A0C-48E5-98A0-CF7AA0F4A3A2}.Debug|x64.ActiveCfg = Debug|x64
		{99749661-8A0C-48E5-98A0-CF7AA0F4A3A2}.Debug|x64.Build.0 = Debug|x64
		{99749661-8A0C-48E5-98A0-CF7AA0F4A3A2}.Release|Any CPU.ActiveCfg = Release|Any CPU
		{99749661-8A0C-48E5-98A0-CF7AA0F4A3A2}.Release|Any CPU.Build.0 = Release|Any CPU
		{99749661-8A0C-48E5-98A0-CF7AA0F4A3A2}.Release|x64.ActiveCfg = Release|x64
		{99749661-8A0C-48E5-98A0-CF7AA0F4A3A2}.Release|x64.Build.0 = Release|x64
		{9767930B-87AD-47A2-B1A7-0A13C9E47131}.Debug|Any CPU.ActiveCfg = Debug|Any CPU
		{9767930B-87AD-47A2-B1A7-0A13C9E47131}.Debug|Any CPU.Build.0 = Debug|Any CPU
		{9767930B-87AD-47A2-B1A7-0A13C9E47131}.Debug|x64.ActiveCfg = Debug|x64
		{9767930B-87AD-47A2-B1A7-0A13C9E47131}.Debug|x64.Build.0 = Debug|x64
		{9767930B-87AD-47A2-B1A7-0A13C9E47131}.Release|Any CPU.ActiveCfg = Release|Any CPU
		{9767930B-87AD-47A2-B1A7-0A13C9E47131}.Release|Any CPU.Build.0 = Release|Any CPU
		{9767930B-87AD-47A2-B1A7-0A13C9E47131}.Release|x64.ActiveCfg = Release|x64
		{9767930B-87AD-47A2-B1A7-0A13C9E47131}.Release|x64.Build.0 = Release|x64
		{189254C3-F7DC-46BF-BA62-6C8442F87BE5}.Debug|Any CPU.ActiveCfg = Debug|Any CPU
		{189254C3-F7DC-46BF-BA62-6C8442F87BE5}.Debug|Any CPU.Build.0 = Debug|Any CPU
		{189254C3-F7DC-46BF-BA62-6C8442F87BE5}.Debug|x64.ActiveCfg = Debug|x64
		{189254C3-F7DC-46BF-BA62-6C8442F87BE5}.Debug|x64.Build.0 = Debug|x64
		{189254C3-F7DC-46BF-BA62-6C8442F87BE5}.Release|Any CPU.ActiveCfg = Release|Any CPU
		{189254C3-F7DC-46BF-BA62-6C8442F87BE5}.Release|Any CPU.Build.0 = Release|Any CPU
		{189254C3-F7DC-46BF-BA62-6C8442F87BE5}.Release|x64.ActiveCfg = Release|x64
		{189254C3-F7DC-46BF-BA62-6C8442F87BE5}.Release|x64.Build.0 = Release|x64
		{EDF90039-2AC2-4E41-AFA5-2747E4147DE4}.Debug|Any CPU.ActiveCfg = Debug|Any CPU
		{EDF90039-2AC2-4E41-AFA5-2747E4147DE4}.Debug|Any CPU.Build.0 = Debug|Any CPU
		{EDF90039-2AC2-4E41-AFA5-2747E4147DE4}.Debug|x64.ActiveCfg = Debug|Any CPU
		{EDF90039-2AC2-4E41-AFA5-2747E4147DE4}.Debug|x64.Build.0 = Debug|Any CPU
		{EDF90039-2AC2-4E41-AFA5-2747E4147DE4}.Release|Any CPU.ActiveCfg = Release|Any CPU
		{EDF90039-2AC2-4E41-AFA5-2747E4147DE4}.Release|Any CPU.Build.0 = Release|Any CPU
		{EDF90039-2AC2-4E41-AFA5-2747E4147DE4}.Release|x64.ActiveCfg = Release|Any CPU
		{EDF90039-2AC2-4E41-AFA5-2747E4147DE4}.Release|x64.Build.0 = Release|Any CPU
		{7E0ABDE2-8224-463C-BCBC-5030A2DD2956}.Debug|Any CPU.ActiveCfg = Debug|Any CPU
		{7E0ABDE2-8224-463C-BCBC-5030A2DD2956}.Debug|Any CPU.Build.0 = Debug|Any CPU
		{7E0ABDE2-8224-463C-BCBC-5030A2DD2956}.Debug|x64.ActiveCfg = Debug|Any CPU
		{7E0ABDE2-8224-463C-BCBC-5030A2DD2956}.Debug|x64.Build.0 = Debug|Any CPU
		{7E0ABDE2-8224-463C-BCBC-5030A2DD2956}.Release|Any CPU.ActiveCfg = Release|Any CPU
		{7E0ABDE2-8224-463C-BCBC-5030A2DD2956}.Release|Any CPU.Build.0 = Release|Any CPU
		{7E0ABDE2-8224-463C-BCBC-5030A2DD2956}.Release|x64.ActiveCfg = Release|Any CPU
		{7E0ABDE2-8224-463C-BCBC-5030A2DD2956}.Release|x64.Build.0 = Release|Any CPU
		{16DAD879-FAB8-45FC-9D40-C5D8AB4D76E2}.Debug|Any CPU.ActiveCfg = Debug|Any CPU
		{16DAD879-FAB8-45FC-9D40-C5D8AB4D76E2}.Debug|Any CPU.Build.0 = Debug|Any CPU
		{16DAD879-FAB8-45FC-9D40-C5D8AB4D76E2}.Debug|x64.ActiveCfg = Debug|x64
		{16DAD879-FAB8-45FC-9D40-C5D8AB4D76E2}.Debug|x64.Build.0 = Debug|x64
		{16DAD879-FAB8-45FC-9D40-C5D8AB4D76E2}.Release|Any CPU.ActiveCfg = Release|Any CPU
		{16DAD879-FAB8-45FC-9D40-C5D8AB4D76E2}.Release|Any CPU.Build.0 = Release|Any CPU
		{16DAD879-FAB8-45FC-9D40-C5D8AB4D76E2}.Release|x64.ActiveCfg = Release|x64
		{16DAD879-FAB8-45FC-9D40-C5D8AB4D76E2}.Release|x64.Build.0 = Release|x64
	EndGlobalSection
	GlobalSection(SolutionProperties) = preSolution
		HideSolutionNode = FALSE
	EndGlobalSection
	GlobalSection(ExtensibilityGlobals) = postSolution
		SolutionGuid = {217A5E9F-9B42-4710-B361-371D532374D9}
	EndGlobalSection
EndGlobal
